# THIS IS AN AUTOGENERATED FILE. DO NOT EDIT THIS FILE DIRECTLY.
# yarn lockfile v1


"@esbuild/android-arm64@0.16.5":
  version "0.16.5"
  resolved "https://registry.yarnpkg.com/@esbuild/android-arm64/-/android-arm64-0.16.5.tgz#4d86e00dee422c76a86904d6b863d115db34f862"
  integrity sha512-BCWkmAqFoW6xXzz6Up16bU0vdZqe23UxkrabbrmXXUuH27Tts3LVcHFCi/dGLYa6ZqC/txhtJm2kAJdoyOfHxg==

"@esbuild/android-arm@0.16.5":
  version "0.16.5"
  resolved "https://registry.yarnpkg.com/@esbuild/android-arm/-/android-arm-0.16.5.tgz#e6dd899ab0727d31c04309b6db2fb70ca4331af1"
  integrity sha512-eNkNuLSKpbZTH0BZklJ9B9Sml7fTIamhrQNBwftsEHCUuSLBVunzV3LfghryVGpE5lSkOwOfeX6gR6+3yLaEfQ==

"@esbuild/android-x64@0.16.5":
  version "0.16.5"
  resolved "https://registry.yarnpkg.com/@esbuild/android-x64/-/android-x64-0.16.5.tgz#c5237c582bb038a9403afe5ad7e451cc79187505"
  integrity sha512-E0R7d0dy9+QlpMps8gJXXhtfn+fQFaTXbq8kV2u/HfHyyhxr4nIIuXZCcYxxA9LSKnsFBBbSQIGDUVY9FGgx0w==

"@esbuild/darwin-arm64@0.16.5":
  version "0.16.5"
  resolved "https://registry.yarnpkg.com/@esbuild/darwin-arm64/-/darwin-arm64-0.16.5.tgz#6e553f4be193d25a5e7cb6a73077d407a64bd6ad"
  integrity sha512-4HlbUMy50cRaHGVriBjShs46WRPshtnVOqkxEGhEuDuJhgZ3regpWzaQxXOcDXFvVwue8RiqDAAcOi/QlVLE6Q==

"@esbuild/darwin-x64@0.16.5":
  version "0.16.5"
  resolved "https://registry.yarnpkg.com/@esbuild/darwin-x64/-/darwin-x64-0.16.5.tgz#a9c466dbeca614edb5fe1a9c1ccd97bce30301af"
  integrity sha512-ZDCAxAPwbtKJ5YxRZusQKDFuywH+7YNKbilss0DCRPtXMxrKRZETcuSfcgIWGYBBc+ypdOazousx3yZss2Az0A==

"@esbuild/freebsd-arm64@0.16.5":
  version "0.16.5"
  resolved "https://registry.yarnpkg.com/@esbuild/freebsd-arm64/-/freebsd-arm64-0.16.5.tgz#e101c671b150a6e0fe06b5978f2005505afd97b8"
  integrity sha512-w0dJ8om4KiagLCHURgwxXVWzi5xa0W7F5woMxzWO+LDCebrlyZUhCIbSXUKa4qD3XbdG7K4Y8N4mLDRMkZzMuw==

"@esbuild/freebsd-x64@0.16.5":
  version "0.16.5"
  resolved "https://registry.yarnpkg.com/@esbuild/freebsd-x64/-/freebsd-x64-0.16.5.tgz#79bf9368634f390d16f5032a9b6603f02b0d999b"
  integrity sha512-qCdC0T7XUxngX8otO4nmPUE/cHZfvF8jk+GMr9qkAGP0nIMACD7t/AWoY2N5rsn5/dOJ1VKM/aMF4wCFBP5AqQ==

"@esbuild/linux-arm64@0.16.5":
  version "0.16.5"
  resolved "https://registry.yarnpkg.com/@esbuild/linux-arm64/-/linux-arm64-0.16.5.tgz#9025197f1d4007743d130413f7579607f943a0f2"
  integrity sha512-h84QZmBhBdEclyxf9Wm/UESY6ITI7/gYLNvj/3emhDd0ILAqwHdWnMDmKqqubrMcpb1O4sWOYRm7EZ+Av8eGiQ==

"@esbuild/linux-arm@0.16.5":
  version "0.16.5"
  resolved "https://registry.yarnpkg.com/@esbuild/linux-arm/-/linux-arm-0.16.5.tgz#4cc5ff0fc093610598f32f7fd5565326c0c4e5c6"
  integrity sha512-6crdpqwFjl+DObBgwaJMtB+VWrZd87Jy05gQTERysc1ujnUJNCJzemUcRDT5hM34dzTYThlXfFW32qQy9QpPGQ==

"@esbuild/linux-ia32@0.16.5":
  version "0.16.5"
  resolved "https://registry.yarnpkg.com/@esbuild/linux-ia32/-/linux-ia32-0.16.5.tgz#9d897e7fff2f31433fa2c7b00048738dc9d47a69"
  integrity sha512-P1WNzGqy6ipvbt8iNoYY66+qUANCiM80D8bGJIU8jqSZ613eG0lUWBePi4xQazcNgIi9tSiCa9Ba3f4krXtQDw==

"@esbuild/linux-loong64@0.16.5":
  version "0.16.5"
  resolved "https://registry.yarnpkg.com/@esbuild/linux-loong64/-/linux-loong64-0.16.5.tgz#9fc800568028d1a1d5601375cd9f20f33fd91093"
  integrity sha512-r8wKqs+rl4gIT/xDB6CHMaYcvvyZ7tWf5LulH9NsDvgQEy3gIXQPR4Oy9tYrjM75uKkvBv1uw15Iz4EWsvve9Q==

"@esbuild/linux-mips64el@0.16.5":
  version "0.16.5"
  resolved "https://registry.yarnpkg.com/@esbuild/linux-mips64el/-/linux-mips64el-0.16.5.tgz#ef9ee33e33c13771055f3726a3350cb0a4e1e550"
  integrity sha512-0WMhOlwfeeAp6KMx3E6LZKDN6INk4Me8dwIw1XMSFvmE6r31vRnwXkrQlAk5FI44KZ/rIi+yynRZqEd7UJAV2g==

"@esbuild/linux-ppc64@0.16.5":
  version "0.16.5"
  resolved "https://registry.yarnpkg.com/@esbuild/linux-ppc64/-/linux-ppc64-0.16.5.tgz#175d4a6f7b304c63686059861f276151d015cf26"
  integrity sha512-29x+DtRGcYH0Sh3QSnoF+D2SYkHLxwx5AugoGLIlVtcVqDb4fEb654d67k9VcAR2RiTAYUZ764KXzWB+ItQfgw==

"@esbuild/linux-riscv64@0.16.5":
  version "0.16.5"
  resolved "https://registry.yarnpkg.com/@esbuild/linux-riscv64/-/linux-riscv64-0.16.5.tgz#69fe8bc94f49fdcead8ed6144cb40e45920c4196"
  integrity sha512-ZX4SSKOJUcuqFNDydfN4yCo9je9f1T72Pj+RLsAGRiuiREVCwRkXIBp810C01+MdPqYExp322kY78ISEq5XGLQ==

"@esbuild/linux-s390x@0.16.5":
  version "0.16.5"
  resolved "https://registry.yarnpkg.com/@esbuild/linux-s390x/-/linux-s390x-0.16.5.tgz#18d418673579081e7ec3c376b110cea832efadbc"
  integrity sha512-pYY86RiLD1s5RN8q0aMhWD44NiHmAZxv2bSzaNlL63/ibWETld+m6F+MPh9+ZNOqGJw53E/0qHukYI5Lm+1k7A==

"@esbuild/linux-x64@0.16.5":
  version "0.16.5"
  resolved "https://registry.yarnpkg.com/@esbuild/linux-x64/-/linux-x64-0.16.5.tgz#3dadd838a89b38e0653fcd3d74455d965c6c400d"
  integrity sha512-vsOwzKN+4NenUTyuoWLmg5dAuO8JKuLD9MXSeENA385XucuOZbblmOMwwgPlHsgVRtSjz38riqPJU2ALI/CWYQ==

"@esbuild/netbsd-x64@0.16.5":
  version "0.16.5"
  resolved "https://registry.yarnpkg.com/@esbuild/netbsd-x64/-/netbsd-x64-0.16.5.tgz#ab0ffb19dc14c0efc2317372e4e4782fdb8cbd9c"
  integrity sha512-ZhfELxpZLXg7OidX9MrjgQNhjhYx3GXm59EAQVZds8GTyOOPj+Hg7ttKenlXoV8PZVkoCm0dgoWXzhasZJGfWw==

"@esbuild/openbsd-x64@0.16.5":
  version "0.16.5"
  resolved "https://registry.yarnpkg.com/@esbuild/openbsd-x64/-/openbsd-x64-0.16.5.tgz#0f33fb3acb8ac207cd366576030d17688acd2c60"
  integrity sha512-2HY2L0afN8IUgvxCAWY04bB6mhHSnC7YNGM2hmEkyAgP+n8jpZgGjiRokuk3AQ0g0IpX8h0KnS+xaznGEr5CGw==

"@esbuild/sunos-x64@0.16.5":
  version "0.16.5"
  resolved "https://registry.yarnpkg.com/@esbuild/sunos-x64/-/sunos-x64-0.16.5.tgz#9f0da4e9c594bdbe92c27fe1d3d1effb8f036ad3"
  integrity sha512-Q7+HbDnW52LLW8YIU5h0sYZ23TvaaC0vuwiIbJUa91Qr77NKNJCe8stfunN1TRZo+6OwGpM3MrdUcUVUfr5wuA==

"@esbuild/win32-arm64@0.16.5":
  version "0.16.5"
  resolved "https://registry.yarnpkg.com/@esbuild/win32-arm64/-/win32-arm64-0.16.5.tgz#5ebb50418ed224061a049a59c876283962134cee"
  integrity sha512-KcegNS7IgLm/cAcjIW3kZyLiZi/p8I+A2a6OonDA77em9xHewdA2yTA+9pO4gr77MkXATcnDAFBrWw5oLHIZkQ==

"@esbuild/win32-ia32@0.16.5":
  version "0.16.5"
  resolved "https://registry.yarnpkg.com/@esbuild/win32-ia32/-/win32-ia32-0.16.5.tgz#57f008d3a2b8336ab0f7bd07431619c46921dbd0"
  integrity sha512-ReUCJSzLNGH6WcvwjMzpEy2SX5GTZBeRTvCdklN4DT2YrgRIe82lYVikVHwA7fdiL3xHKvmdiicMqxE8QYmxrA==

"@esbuild/win32-x64@0.16.5":
  version "0.16.5"
  resolved "https://registry.yarnpkg.com/@esbuild/win32-x64/-/win32-x64-0.16.5.tgz#9398d079a83b309b44021634ae6b4f7bc6a0cad0"
  integrity sha512-q00Jasz6/wCOD2XxRj4GEwj27u1zfpiBniL1ip3/YGGcYtvOoGKCNSS47sufO/8ixEgrSYDlkglSd6CxcS7m0g==

"@types/js-yaml@^4.0.5":
  version "4.0.5"
  resolved "https://registry.yarnpkg.com/@types/js-yaml/-/js-yaml-4.0.5.tgz#738dd390a6ecc5442f35e7f03fa1431353f7e138"
  integrity sha512-FhpRzf927MNQdRZP0J5DLIdTXhjLYzeUTmLAu69mnVksLH9CJY3IuSeEgbKUki7GQZm0WqDkGzyxju2EZGD2wA==

"@types/linkify-it@*":
  version "3.0.2"
  resolved "https://registry.yarnpkg.com/@types/linkify-it/-/linkify-it-3.0.2.tgz#fd2cd2edbaa7eaac7e7f3c1748b52a19143846c9"
  integrity sha512-HZQYqbiFVWufzCwexrvh694SOim8z2d+xJl5UNamcvQFejLY/2YUtzXHYi3cHdI7PMlS8ejH2slRAOJQ32aNbA==

"@types/markdown-it@^12.2.3":
  version "12.2.3"
  resolved "https://registry.yarnpkg.com/@types/markdown-it/-/markdown-it-12.2.3.tgz#0d6f6e5e413f8daaa26522904597be3d6cd93b51"
  integrity sha512-GKMHFfv3458yYy+v/N8gjufHO6MSZKCOXpZc5GXIWWy8uldwfmPn98vp81gZ5f9SVw8YYBctgfJ22a2d7AOMeQ==
  dependencies:
    "@types/linkify-it" "*"
    "@types/mdurl" "*"

"@types/mdurl@*":
  version "1.0.2"
  resolved "https://registry.yarnpkg.com/@types/mdurl/-/mdurl-1.0.2.tgz#e2ce9d83a613bacf284c7be7d491945e39e1f8e9"
  integrity sha512-eC4U9MlIcu2q0KQmXszyn5Akca/0jrQmwDRgpAMJai7qBWq4amIQhZyNau4VYGtCeALvW1/NtjzJJ567aZxfKA==

argparse@^2.0.1:
  version "2.0.1"
  resolved "https://registry.yarnpkg.com/argparse/-/argparse-2.0.1.tgz#246f50f3ca78a3240f6c997e8a9bd1eac49e4b38"
  integrity sha512-8+9WqebbFzpX9OR+Wa6O29asIogeRMzcGtAINdpMHHyAg10f05aSFVBbcEqGf/PXw1EjAZ+q2/bEBg3DvurK3Q==

commander@>=7.0.0:
  version "9.0.0"
  resolved "https://registry.yarnpkg.com/commander/-/commander-9.0.0.tgz#86d58f24ee98126568936bd1d3574e0308a99a40"
  integrity sha512-JJfP2saEKbQqvW+FI93OYUB4ByV5cizMpFMiiJI8xDbBvQvSkIk0VvQdn1CZ8mqAO8Loq2h0gYTYtDFUZUeERw==

entities@~2.1.0:
  version "2.1.0"
  resolved "https://registry.yarnpkg.com/entities/-/entities-2.1.0.tgz#992d3129cf7df6870b96c57858c249a120f8b8b5"
  integrity sha512-hCx1oky9PFrJ611mf0ifBLBRW8lUUVRlFolb5gWRfIELabBlbp9xZvrqZLZAs+NxFnbfQoeGd8wDkygjg7U85w==

esbuild@^0.16.5:
  version "0.16.5"
  resolved "https://registry.yarnpkg.com/esbuild/-/esbuild-0.16.5.tgz#4e14ef61a4c906cacc5f0d997d372ff815254b23"
  integrity sha512-te0zG5CDzAxhnBKeddXUtK8xDnYL6jv100ekldhtUk0ALXPXcDAtuH0fAR7rbKwUdz3bOey6HVq2N+aWCKZ1cw==
  optionalDependencies:
    "@esbuild/android-arm" "0.16.5"
    "@esbuild/android-arm64" "0.16.5"
    "@esbuild/android-x64" "0.16.5"
    "@esbuild/darwin-arm64" "0.16.5"
    "@esbuild/darwin-x64" "0.16.5"
    "@esbuild/freebsd-arm64" "0.16.5"
    "@esbuild/freebsd-x64" "0.16.5"
    "@esbuild/linux-arm" "0.16.5"
    "@esbuild/linux-arm64" "0.16.5"
    "@esbuild/linux-ia32" "0.16.5"
    "@esbuild/linux-loong64" "0.16.5"
    "@esbuild/linux-mips64el" "0.16.5"
    "@esbuild/linux-ppc64" "0.16.5"
    "@esbuild/linux-riscv64" "0.16.5"
    "@esbuild/linux-s390x" "0.16.5"
    "@esbuild/linux-x64" "0.16.5"
    "@esbuild/netbsd-x64" "0.16.5"
    "@esbuild/openbsd-x64" "0.16.5"
    "@esbuild/sunos-x64" "0.16.5"
    "@esbuild/win32-arm64" "0.16.5"
    "@esbuild/win32-ia32" "0.16.5"
    "@esbuild/win32-x64" "0.16.5"

esm@^3.2.25:
  version "3.2.25"
  resolved "https://registry.yarnpkg.com/esm/-/esm-3.2.25.tgz#342c18c29d56157688ba5ce31f8431fbb795cc10"
  integrity sha512-U1suiZ2oDVWv4zPO56S0NcR5QriEahGtdN2OR6FiOG4WJvcjBVFB0qI4+eKoWFH483PKGuLuu6V8Z4T5g63UVA==

file-url@^4.0.0:
  version "4.0.0"
  resolved "https://registry.yarnpkg.com/file-url/-/file-url-4.0.0.tgz#6fe05262d3187da70bc69889091932b6bc7df270"
  integrity sha512-vRCdScQ6j3Ku6Kd7W1kZk9c++5SqD6Xz5Jotrjr/nkY714M14RFHy/AAVA2WQvpsqVAVgTbDrYyBpU205F0cLw==

js-yaml@^4.1.0:
  version "4.1.0"
  resolved "https://registry.yarnpkg.com/js-yaml/-/js-yaml-4.1.0.tgz#c1fb65f8f5017901cdd2c951864ba18458a10602"
  integrity sha512-wpxZs9NoxZaJESJGIZTyDEaYpl0FKSA+FB9aJiyemKhMwkxQg63h4T1KJgUGHpTqPDNRcmmYLugrRjJlBtWvRA==
  dependencies:
    argparse "^2.0.1"

linkify-it@^3.0.1:
  version "3.0.3"
  resolved "https://registry.yarnpkg.com/linkify-it/-/linkify-it-3.0.3.tgz#a98baf44ce45a550efb4d49c769d07524cc2fa2e"
  integrity sha512-ynTsyrFSdE5oZ/O9GEf00kPngmOfVwazR5GKDq6EYfhlpFug3J2zybX56a2PRRpc9P+FuSoGNAwjlbDs9jJBPQ==
  dependencies:
    uc.micro "^1.0.1"

markdown-it@^12.3.2:
  version "12.3.2"
  resolved "https://registry.yarnpkg.com/markdown-it/-/markdown-it-12.3.2.tgz#bf92ac92283fe983fe4de8ff8abfb5ad72cd0c90"
  integrity sha512-TchMembfxfNVpHkbtriWltGWc+m3xszaRD0CZup7GFFhzIgQqxIfn3eGj1yZpfuflzPvfkt611B2Q/Bsk1YnGg==
  dependencies:
    argparse "^2.0.1"
    entities "~2.1.0"
    linkify-it "^3.0.1"
    mdurl "^1.0.1"
    uc.micro "^1.0.5"

mathjax-full@^3.2.0:
  version "3.2.0"
  resolved "https://registry.yarnpkg.com/mathjax-full/-/mathjax-full-3.2.0.tgz#e53269842a943d4df10502937518991268996c5c"
  integrity sha512-D2EBNvUG+mJyhn+M1C858k0f2Fc4KxXvbEX2WCMXroV10212JwfYqaBJ336ECBSz5X9L5LRoamxb7AJtg3KaJA==
  dependencies:
    esm "^3.2.25"
    mhchemparser "^4.1.0"
    mj-context-menu "^0.6.1"
    speech-rule-engine "^3.3.3"

mdurl@^1.0.1:
  version "1.0.1"
  resolved "https://registry.yarnpkg.com/mdurl/-/mdurl-1.0.1.tgz#fe85b2ec75a59037f2adfec100fd6c601761152e"
  integrity sha512-/sKlQJCBYVY9Ers9hqzKou4H6V5UWc/M59TH2dvkt+84itfnq7uFOMLpOiOS4ujvHP4etln18fmIxA5R5fll0g==

mhchemparser@^4.1.0:
  version "4.1.1"
  resolved "https://registry.yarnpkg.com/mhchemparser/-/mhchemparser-4.1.1.tgz#a2142fdab37a02ec8d1b48a445059287790becd5"
  integrity sha512-R75CUN6O6e1t8bgailrF1qPq+HhVeFTM3XQ0uzI+mXTybmphy3b6h4NbLOYhemViQ3lUs+6CKRkC3Ws1TlYREA==

mj-context-menu@^0.6.1:
  version "0.6.1"
  resolved "https://registry.yarnpkg.com/mj-context-menu/-/mj-context-menu-0.6.1.tgz#a043c5282bf7e1cf3821de07b13525ca6f85aa69"
  integrity sha512-7NO5s6n10TIV96d4g2uDpG7ZDpIhMh0QNfGdJw/W47JswFcosz457wqz/b5sAKvl12sxINGFCn80NZHKwxQEXA==

speech-rule-engine@^3.3.3:
  version "3.3.3"
  resolved "https://registry.yarnpkg.com/speech-rule-engine/-/speech-rule-engine-3.3.3.tgz#781ed03cbcf3279f94d1d80241025ea954c6d571"
  integrity sha512-0exWw+0XauLjat+f/aFeo5T8SiDsO1JtwpY3qgJE4cWt+yL/Stl0WP4VNDWdh7lzGkubUD9lWP4J1ASnORXfyQ==
  dependencies:
    commander ">=7.0.0"
    wicked-good-xpath "^1.3.0"
    xmldom-sre "^0.1.31"

uc.micro@^1.0.1, uc.micro@^1.0.5:
  version "1.0.6"
  resolved "https://registry.yarnpkg.com/uc.micro/-/uc.micro-1.0.6.tgz#9c411a802a409a91fc6cf74081baba34b24499ac"
  integrity sha512-8Y75pvTYkLJW2hWQHXxoqRgV7qb9B+9vFEtidML+7koHUFapnVJAZ6cKs+Qjz5Aw3aZWHMC6u0wJE3At+nSGwA==

uuid@^8.3.2:
  version "8.3.2"
  resolved "https://registry.yarnpkg.com/uuid/-/uuid-8.3.2.tgz#80d5b5ced271bb9af6c445f21a1a04c606cefbe2"
  integrity sha512-+NYs2QeMWy+GWFOEm9xnn6HCDp0l7QBD7ml8zLUmJ+93Q5NF0NocErnwkTkXVFNiX3/fpC6afS8Dhb/gz7R7eg==

vscode-jsonrpc@6.0.0:
  version "6.0.0"
  resolved "https://registry.yarnpkg.com/vscode-jsonrpc/-/vscode-jsonrpc-6.0.0.tgz#108bdb09b4400705176b957ceca9e0880e9b6d4e"
  integrity sha512-wnJA4BnEjOSyFMvjZdpiOwhSq9uDoK8e/kpRJDTaMYzwlkrhG1fwDIZI94CLsLzlCK5cIbMMtFlJlfR57Lavmg==

vscode-languageserver-protocol@3.16.0:
  version "3.16.0"
  resolved "https://registry.yarnpkg.com/vscode-languageserver-protocol/-/vscode-languageserver-protocol-3.16.0.tgz#34135b61a9091db972188a07d337406a3cdbe821"
  integrity sha512-sdeUoAawceQdgIfTI+sdcwkiK2KU+2cbEYA0agzM2uqaUy2UpnnGHtWTHVEtS0ES4zHU0eMFRGN+oQgDxlD66A==
  dependencies:
    vscode-jsonrpc "6.0.0"
    vscode-languageserver-types "3.16.0"

vscode-languageserver-textdocument@^1.0.4:
  version "1.0.4"
  resolved "https://registry.yarnpkg.com/vscode-languageserver-textdocument/-/vscode-languageserver-textdocument-1.0.4.tgz#3cd56dd14cec1d09e86c4bb04b09a246cb3df157"
  integrity sha512-/xhqXP/2A2RSs+J8JNXpiiNVvvNM0oTosNVmQnunlKvq9o4mupHOBAnnzH0lwIPKazXKvAKsVp1kr+H/K4lgoQ==

vscode-languageserver-types@3.16.0:
  version "3.16.0"
  resolved "https://registry.yarnpkg.com/vscode-languageserver-types/-/vscode-languageserver-types-3.16.0.tgz#ecf393fc121ec6974b2da3efb3155644c514e247"
  integrity sha512-k8luDIWJWyenLc5ToFQQMaSrqCHiLwyKPHKPQZ5zz21vM+vIVUSvsRpcbiECH4WR88K2XZqc4ScRcZ7nk/jbeA==

vscode-languageserver@^7.0.0:
  version "7.0.0"
  resolved "https://registry.yarnpkg.com/vscode-languageserver/-/vscode-languageserver-7.0.0.tgz#49b068c87cfcca93a356969d20f5d9bdd501c6b0"
  integrity sha512-60HTx5ID+fLRcgdHfmz0LDZAXYEV68fzwG0JWwEPBode9NuMYTIxuYXPg4ngO8i8+Ou0lM7y6GzaYWbiDL0drw==
  dependencies:
    vscode-languageserver-protocol "3.16.0"

vscode-uri@^3.0.3:
  version "3.0.3"
  resolved "https://registry.yarnpkg.com/vscode-uri/-/vscode-uri-3.0.3.tgz#a95c1ce2e6f41b7549f86279d19f47951e4f4d84"
  integrity sha512-EcswR2S8bpR7fD0YPeS7r2xXExrScVMxg4MedACaWHEtx9ftCF/qHG1xGkolzTPcEmjTavCQgbVzHUIdTMzFGA==

wicked-good-xpath@^1.3.0:
  version "1.3.0"
  resolved "https://registry.yarnpkg.com/wicked-good-xpath/-/wicked-good-xpath-1.3.0.tgz#81b0e95e8650e49c94b22298fff8686b5553cf6c"
  integrity sha512-Gd9+TUn5nXdwj/hFsPVx5cuHHiF5Bwuc30jZ4+ronF1qHK5O7HD0sgmXWSEgwKquT3ClLoKPVbO6qGwVwLzvAw==

xmldom-sre@^0.1.31:
  version "0.1.31"
  resolved "https://registry.yarnpkg.com/xmldom-sre/-/xmldom-sre-0.1.31.tgz#10860d5bab2c603144597d04bf2c4980e98067f4"
  integrity sha512-f9s+fUkX04BxQf+7mMWAp5zk61pciie+fFLC9hX9UVvCeJQfNHRHXpeo5MPcR0EUf57PYLdt+ZO4f3Ipk2oZUw==
